# novo.lock — auto-generated by novo pkg, do not edit

[embeddings-nv]
source = "registry"
url = "https://registry.novo-lang.org"
req = "^0.0.1"
version = "0.0.1"
hash = "b4eec578c6308b2a9767f01bc25e6971c12bcd3591994bc90cd53348a804d696"

[hnsw-nv]
source = "registry"
url = "https://registry.novo-lang.org"
req = "^0.0.1"
version = "0.0.1"
hash = "ddb5ac1d757c07d7c70eeb891ed1b0b0187f7ae5026767fd2e8f1bdc1290b8ba"

[ndarray-nv]
source = "registry"
url = "https://registry.novo-lang.org"
req = "^0.0.1"
version = "0.0.1"
hash = "defa416d14f51e444655d592ac3cf63538e895195e305a82a04cc251ee2cd934"

[unicode-nv]
source = "registry"
url = "https://registry.novo-lang.org"
req = "^0.0.1"
version = "0.0.1"
hash = "e72dc94d06a8697b2c1451d058f53579777b9c5e5c43559e0b8ec3d1ab50d9b8"
